// !$*UTF8*$!
{
	archiveVersion = 1;
	classes = {
	};
	objectVersion = 52;
	objects = {

/* Begin PBXBuildFile section */
		F220498F250112AF00ECC510 /* Pipeline.swift in Sources */ = {isa = PBXBuildFile; fileRef = F2FF09AF2500BEF70058FBE7 /* Pipeline.swift */; };
		F2204990250112C000ECC510 /* PipelineResult.swift in Sources */ = {isa = PBXBuildFile; fileRef = F2FF09DC2500E1760058FBE7 /* PipelineResult.swift */; };
		F2204991250112F800ECC510 /* PipelineStatus.swift in Sources */ = {isa = PBXBuildFile; fileRef = F2FF09DE2500E19E0058FBE7 /* PipelineStatus.swift */; };
		F220499325011CED00ECC510 /* DateService.swift in Sources */ = {isa = PBXBuildFile; fileRef = F220499225011CED00ECC510 /* DateService.swift */; };
		F220499425013B3200ECC510 /* PipelinerService.swift in Sources */ = {isa = PBXBuildFile; fileRef = F2FF09B52500C0A60058FBE7 /* PipelinerService.swift */; };
		F220499625013B9F00ECC510 /* GitLabAuthType.swift in Sources */ = {isa = PBXBuildFile; fileRef = F2FF09AC2500BEBE0058FBE7 /* GitLabAuthType.swift */; };
		F220499725013C3600ECC510 /* GitLabService.swift in Sources */ = {isa = PBXBuildFile; fileRef = F2FF09A82500BE8D0058FBE7 /* GitLabService.swift */; };
		F220499825013C3B00ECC510 /* DateService.swift in Sources */ = {isa = PBXBuildFile; fileRef = F220499225011CED00ECC510 /* DateService.swift */; };
		F220499C2501407600ECC510 /* Pipeline.swift in Sources */ = {isa = PBXBuildFile; fileRef = F2FF09AF2500BEF70058FBE7 /* Pipeline.swift */; };
		F220499D2501407C00ECC510 /* HttpService.swift in Sources */ = {isa = PBXBuildFile; fileRef = F2FF09A52500BE600058FBE7 /* HttpService.swift */; };
		F220499E2501408800ECC510 /* ApiError.swift in Sources */ = {isa = PBXBuildFile; fileRef = F2FF09B32500BF450058FBE7 /* ApiError.swift */; };
		F22049A02501409300ECC510 /* ServiceTypeEnum.swift in Sources */ = {isa = PBXBuildFile; fileRef = F2FF09A22500BE1C0058FBE7 /* ServiceTypeEnum.swift */; };
		F26C86C025125423002841FE /* PromiseKit in Frameworks */ = {isa = PBXBuildFile; productRef = F26C86BF25125423002841FE /* PromiseKit */; };
		F26ECFB12506763100E62EDD /* PipelineDetailView.swift in Sources */ = {isa = PBXBuildFile; fileRef = F26ECFB02506763100E62EDD /* PipelineDetailView.swift */; };
		F29E5B5D2513937500963075 /* ServiceInterface.swift in Sources */ = {isa = PBXBuildFile; fileRef = F29E5B5C2513937500963075 /* ServiceInterface.swift */; };
		F29E5B5E25147CCB00963075 /* SwiftUI.framework in Frameworks */ = {isa = PBXBuildFile; fileRef = F2FF09BF2500C87B0058FBE7 /* SwiftUI.framework */; };
		F29E5B6125147D0B00963075 /* ServiceInterface.swift in Sources */ = {isa = PBXBuildFile; fileRef = F29E5B5C2513937500963075 /* ServiceInterface.swift */; };
		F2AAB709251370DA00D152A1 /* WidgetKit.framework in Frameworks */ = {isa = PBXBuildFile; fileRef = F2FF09BD2500C87B0058FBE7 /* WidgetKit.framework */; settings = {ATTRIBUTES = (Weak, ); }; };
		F2B13A13251254F0007EA0C9 /* AwaitKit in Frameworks */ = {isa = PBXBuildFile; productRef = F2B13A12251254F0007EA0C9 /* AwaitKit */; };
		F2B13A1525125527007EA0C9 /* PromiseKit in Frameworks */ = {isa = PBXBuildFile; productRef = F2B13A1425125527007EA0C9 /* PromiseKit */; };
		F2B13A172512552C007EA0C9 /* AwaitKit in Frameworks */ = {isa = PBXBuildFile; productRef = F2B13A162512552C007EA0C9 /* AwaitKit */; };
		F2E52EAB2512306E002A4692 /* Config.swift in Sources */ = {isa = PBXBuildFile; fileRef = F2E52EAA2512306E002A4692 /* Config.swift */; };
		F2E52EAC2512306E002A4692 /* Config.swift in Sources */ = {isa = PBXBuildFile; fileRef = F2E52EAA2512306E002A4692 /* Config.swift */; };
		F2FF09932500BDA20058FBE7 /* PipelinerApp.swift in Sources */ = {isa = PBXBuildFile; fileRef = F2FF09922500BDA20058FBE7 /* PipelinerApp.swift */; };
		F2FF09952500BDA20058FBE7 /* ContentView.swift in Sources */ = {isa = PBXBuildFile; fileRef = F2FF09942500BDA20058FBE7 /* ContentView.swift */; };
		F2FF09A32500BE1C0058FBE7 /* ServiceTypeEnum.swift in Sources */ = {isa = PBXBuildFile; fileRef = F2FF09A22500BE1C0058FBE7 /* ServiceTypeEnum.swift */; };
		F2FF09A62500BE600058FBE7 /* HttpService.swift in Sources */ = {isa = PBXBuildFile; fileRef = F2FF09A52500BE600058FBE7 /* HttpService.swift */; };
		F2FF09A92500BE8D0058FBE7 /* GitLabService.swift in Sources */ = {isa = PBXBuildFile; fileRef = F2FF09A82500BE8D0058FBE7 /* GitLabService.swift */; };
		F2FF09AD2500BEBE0058FBE7 /* GitLabAuthType.swift in Sources */ = {isa = PBXBuildFile; fileRef = F2FF09AC2500BEBE0058FBE7 /* GitLabAuthType.swift */; };
		F2FF09B42500BF450058FBE7 /* ApiError.swift in Sources */ = {isa = PBXBuildFile; fileRef = F2FF09B32500BF450058FBE7 /* ApiError.swift */; };
		F2FF09B62500C0A60058FBE7 /* PipelinerService.swift in Sources */ = {isa = PBXBuildFile; fileRef = F2FF09B52500C0A60058FBE7 /* PipelinerService.swift */; };
		F2FF09C32500C87B0058FBE7 /* PipelinerWidget.swift in Sources */ = {isa = PBXBuildFile; fileRef = F2FF09C22500C87B0058FBE7 /* PipelinerWidget.swift */; };
		F2FF09C92500C87C0058FBE7 /* PipelinerWidget.intentdefinition in Sources */ = {isa = PBXBuildFile; fileRef = F2FF09C42500C87B0058FBE7 /* PipelinerWidget.intentdefinition */; };
		F2FF09CA2500C87C0058FBE7 /* PipelinerWidget.intentdefinition in Sources */ = {isa = PBXBuildFile; fileRef = F2FF09C42500C87B0058FBE7 /* PipelinerWidget.intentdefinition */; };
		F2FF09CD2500C87C0058FBE7 /* PipelinerWidgetExtension.appex in Embed App Extensions */ = {isa = PBXBuildFile; fileRef = F2FF09BB2500C87B0058FBE7 /* PipelinerWidgetExtension.appex */; settings = {ATTRIBUTES = (RemoveHeadersOnCopy, ); }; };
		F2FF09D92500DAB20058FBE7 /* PipelineRowView.swift in Sources */ = {isa = PBXBuildFile; fileRef = F2FF09D82500DAB20058FBE7 /* PipelineRowView.swift */; };
		F2FF09DB2500DB8F0058FBE7 /* PipelineListView.swift in Sources */ = {isa = PBXBuildFile; fileRef = F2FF09DA2500DB8F0058FBE7 /* PipelineListView.swift */; };
		F2FF09DD2500E1760058FBE7 /* PipelineResult.swift in Sources */ = {isa = PBXBuildFile; fileRef = F2FF09DC2500E1760058FBE7 /* PipelineResult.swift */; };
		F2FF09DF2500E19E0058FBE7 /* PipelineStatus.swift in Sources */ = {isa = PBXBuildFile; fileRef = F2FF09DE2500E19E0058FBE7 /* PipelineStatus.swift */; };
/* End PBXBuildFile section */

/* Begin PBXContainerItemProxy section */
		F2FF09CB2500C87C0058FBE7 /* PBXContainerItemProxy */ = {
			isa = PBXContainerItemProxy;
			containerPortal = F2FF09872500BDA20058FBE7 /* Project object */;
			proxyType = 1;
			remoteGlobalIDString = F2FF09BA2500C87B0058FBE7;
			remoteInfo = PipelinerWidgetExtension;
		};
/* End PBXContainerItemProxy section */

/* Begin PBXCopyFilesBuildPhase section */
		F2FF09D12500C87C0058FBE7 /* Embed App Extensions */ = {
			isa = PBXCopyFilesBuildPhase;
			buildActionMask = 2147483647;
			dstPath = "";
			dstSubfolderSpec = 13;
			files = (
				F2FF09CD2500C87C0058FBE7 /* PipelinerWidgetExtension.appex in Embed App Extensions */,
			);
			name = "Embed App Extensions";
			runOnlyForDeploymentPostprocessing = 0;
		};
/* End PBXCopyFilesBuildPhase section */

/* Begin PBXFileReference section */
		F220499225011CED00ECC510 /* DateService.swift */ = {isa = PBXFileReference; lastKnownFileType = sourcecode.swift; path = DateService.swift; sourceTree = "<group>"; };
		F26ECFB02506763100E62EDD /* PipelineDetailView.swift */ = {isa = PBXFileReference; lastKnownFileType = sourcecode.swift; path = PipelineDetailView.swift; sourceTree = "<group>"; };
		F29E5B5C2513937500963075 /* ServiceInterface.swift */ = {isa = PBXFileReference; lastKnownFileType = sourcecode.swift; path = ServiceInterface.swift; sourceTree = "<group>"; };
		F2E52EAA2512306E002A4692 /* Config.swift */ = {isa = PBXFileReference; lastKnownFileType = sourcecode.swift; path = Config.swift; sourceTree = "<group>"; };
		F2FF098F2500BDA20058FBE7 /* Pipeliner.app */ = {isa = PBXFileReference; explicitFileType = wrapper.application; includeInIndex = 0; path = Pipeliner.app; sourceTree = BUILT_PRODUCTS_DIR; };
		F2FF09922500BDA20058FBE7 /* PipelinerApp.swift */ = {isa = PBXFileReference; lastKnownFileType = sourcecode.swift; path = PipelinerApp.swift; sourceTree = "<group>"; };
		F2FF09942500BDA20058FBE7 /* ContentView.swift */ = {isa = PBXFileReference; lastKnownFileType = sourcecode.swift; path = ContentView.swift; sourceTree = "<group>"; };
		F2FF09962500BDA30058FBE7 /* Assets.xcassets */ = {isa = PBXFileReference; lastKnownFileType = folder.assetcatalog; path = Assets.xcassets; sourceTree = "<group>"; };
		F2FF09992500BDA30058FBE7 /* Preview Assets.xcassets */ = {isa = PBXFileReference; lastKnownFileType = folder.assetcatalog; path = "Preview Assets.xcassets"; sourceTree = "<group>"; };
		F2FF099B2500BDA30058FBE7 /* Info.plist */ = {isa = PBXFileReference; lastKnownFileType = text.plist.xml; path = Info.plist; sourceTree = "<group>"; };
		F2FF099C2500BDA30058FBE7 /* Pipeliner.entitlements */ = {isa = PBXFileReference; lastKnownFileType = text.plist.entitlements; path = Pipeliner.entitlements; sourceTree = "<group>"; };
		F2FF09A22500BE1C0058FBE7 /* ServiceTypeEnum.swift */ = {isa = PBXFileReference; lastKnownFileType = sourcecode.swift; path = ServiceTypeEnum.swift; sourceTree = "<group>"; };
		F2FF09A52500BE600058FBE7 /* HttpService.swift */ = {isa = PBXFileReference; lastKnownFileType = sourcecode.swift; path = HttpService.swift; sourceTree = "<group>"; };
		F2FF09A82500BE8D0058FBE7 /* GitLabService.swift */ = {isa = PBXFileReference; lastKnownFileType = sourcecode.swift; path = GitLabService.swift; sourceTree = "<group>"; };
		F2FF09AC2500BEBE0058FBE7 /* GitLabAuthType.swift */ = {isa = PBXFileReference; lastKnownFileType = sourcecode.swift; path = GitLabAuthType.swift; sourceTree = "<group>"; };
		F2FF09AF2500BEF70058FBE7 /* Pipeline.swift */ = {isa = PBXFileReference; lastKnownFileType = sourcecode.swift; path = Pipeline.swift; sourceTree = "<group>"; };
		F2FF09B32500BF450058FBE7 /* ApiError.swift */ = {isa = PBXFileReference; lastKnownFileType = sourcecode.swift; path = ApiError.swift; sourceTree = "<group>"; };
		F2FF09B52500C0A60058FBE7 /* PipelinerService.swift */ = {isa = PBXFileReference; lastKnownFileType = sourcecode.swift; path = PipelinerService.swift; sourceTree = "<group>"; };
		F2FF09BB2500C87B0058FBE7 /* PipelinerWidgetExtension.appex */ = {isa = PBXFileReference; explicitFileType = "wrapper.app-extension"; includeInIndex = 0; path = PipelinerWidgetExtension.appex; sourceTree = BUILT_PRODUCTS_DIR; };
		F2FF09BD2500C87B0058FBE7 /* WidgetKit.framework */ = {isa = PBXFileReference; lastKnownFileType = wrapper.framework; name = WidgetKit.framework; path = System/Library/Frameworks/WidgetKit.framework; sourceTree = SDKROOT; };
		F2FF09BF2500C87B0058FBE7 /* SwiftUI.framework */ = {isa = PBXFileReference; lastKnownFileType = wrapper.framework; name = SwiftUI.framework; path = System/Library/Frameworks/SwiftUI.framework; sourceTree = SDKROOT; };
		F2FF09C22500C87B0058FBE7 /* PipelinerWidget.swift */ = {isa = PBXFileReference; lastKnownFileType = sourcecode.swift; path = PipelinerWidget.swift; sourceTree = "<group>"; };
		F2FF09C42500C87B0058FBE7 /* PipelinerWidget.intentdefinition */ = {isa = PBXFileReference; lastKnownFileType = file.intentdefinition; path = PipelinerWidget.intentdefinition; sourceTree = "<group>"; };
		F2FF09C52500C87C0058FBE7 /* Assets.xcassets */ = {isa = PBXFileReference; lastKnownFileType = folder.assetcatalog; path = Assets.xcassets; sourceTree = "<group>"; };
		F2FF09C72500C87C0058FBE7 /* Info.plist */ = {isa = PBXFileReference; lastKnownFileType = text.plist.xml; path = Info.plist; sourceTree = "<group>"; };
		F2FF09C82500C87C0058FBE7 /* PipelinerWidget.entitlements */ = {isa = PBXFileReference; lastKnownFileType = text.plist.entitlements; path = PipelinerWidget.entitlements; sourceTree = "<group>"; };
		F2FF09D82500DAB20058FBE7 /* PipelineRowView.swift */ = {isa = PBXFileReference; lastKnownFileType = sourcecode.swift; path = PipelineRowView.swift; sourceTree = "<group>"; };
		F2FF09DA2500DB8F0058FBE7 /* PipelineListView.swift */ = {isa = PBXFileReference; lastKnownFileType = sourcecode.swift; path = PipelineListView.swift; sourceTree = "<group>"; };
		F2FF09DC2500E1760058FBE7 /* PipelineResult.swift */ = {isa = PBXFileReference; lastKnownFileType = sourcecode.swift; path = PipelineResult.swift; sourceTree = "<group>"; };
		F2FF09DE2500E19E0058FBE7 /* PipelineStatus.swift */ = {isa = PBXFileReference; lastKnownFileType = sourcecode.swift; path = PipelineStatus.swift; sourceTree = "<group>"; };
/* End PBXFileReference section */

/* Begin PBXFrameworksBuildPhase section */
		F2FF098C2500BDA20058FBE7 /* Frameworks */ = {
			isa = PBXFrameworksBuildPhase;
			buildActionMask = 2147483647;
			files = (
				F2B13A13251254F0007EA0C9 /* AwaitKit in Frameworks */,
				F26C86C025125423002841FE /* PromiseKit in Frameworks */,
			);
			runOnlyForDeploymentPostprocessing = 0;
		};
		F2FF09B82500C87B0058FBE7 /* Frameworks */ = {
			isa = PBXFrameworksBuildPhase;
			buildActionMask = 2147483647;
			files = (
				F29E5B5E25147CCB00963075 /* SwiftUI.framework in Frameworks */,
				F2B13A1525125527007EA0C9 /* PromiseKit in Frameworks */,
				F2B13A172512552C007EA0C9 /* AwaitKit in Frameworks */,
				F2AAB709251370DA00D152A1 /* WidgetKit.framework in Frameworks */,
			);
			runOnlyForDeploymentPostprocessing = 0;
		};
/* End PBXFrameworksBuildPhase section */

/* Begin PBXGroup section */
		F2FF09862500BDA20058FBE7 = {
			isa = PBXGroup;
			children = (
				F2FF09912500BDA20058FBE7 /* Pipeliner */,
				F2FF09C12500C87B0058FBE7 /* PipelinerWidget */,
				F2FF09BC2500C87B0058FBE7 /* Frameworks */,
				F2FF09902500BDA20058FBE7 /* Products */,
			);
			sourceTree = "<group>";
		};
		F2FF09902500BDA20058FBE7 /* Products */ = {
			isa = PBXGroup;
			children = (
				F2FF098F2500BDA20058FBE7 /* Pipeliner.app */,
				F2FF09BB2500C87B0058FBE7 /* PipelinerWidgetExtension.appex */,
			);
			name = Products;
			sourceTree = "<group>";
		};
		F2FF09912500BDA20058FBE7 /* Pipeliner */ = {
			isa = PBXGroup;
			children = (
				F2FF09AE2500BEEC0058FBE7 /* Common */,
				F2FF09A72500BE720058FBE7 /* GitLab */,
				F2FF09A42500BE490058FBE7 /* Http */,
				F2FF09922500BDA20058FBE7 /* PipelinerApp.swift */,
				F2FF09942500BDA20058FBE7 /* ContentView.swift */,
				F2FF09962500BDA30058FBE7 /* Assets.xcassets */,
				F2FF099B2500BDA30058FBE7 /* Info.plist */,
				F2FF099C2500BDA30058FBE7 /* Pipeliner.entitlements */,
				F2FF09982500BDA30058FBE7 /* Preview Content */,
				F2FF09B52500C0A60058FBE7 /* PipelinerService.swift */,
				F26ECFB02506763100E62EDD /* PipelineDetailView.swift */,
			);
			path = Pipeliner;
			sourceTree = "<group>";
		};
		F2FF09982500BDA30058FBE7 /* Preview Content */ = {
			isa = PBXGroup;
			children = (
				F2FF09992500BDA30058FBE7 /* Preview Assets.xcassets */,
			);
			path = "Preview Content";
			sourceTree = "<group>";
		};
		F2FF09A42500BE490058FBE7 /* Http */ = {
			isa = PBXGroup;
			children = (
				F2FF09A52500BE600058FBE7 /* HttpService.swift */,
			);
			path = Http;
			sourceTree = "<group>";
		};
		F2FF09A72500BE720058FBE7 /* GitLab */ = {
			isa = PBXGroup;
			children = (
				F2FF09A82500BE8D0058FBE7 /* GitLabService.swift */,
				F2FF09AC2500BEBE0058FBE7 /* GitLabAuthType.swift */,
			);
			path = GitLab;
			sourceTree = "<group>";
		};
		F2FF09AE2500BEEC0058FBE7 /* Common */ = {
			isa = PBXGroup;
			children = (
				F2FF09A22500BE1C0058FBE7 /* ServiceTypeEnum.swift */,
				F2FF09AF2500BEF70058FBE7 /* Pipeline.swift */,
				F2FF09B32500BF450058FBE7 /* ApiError.swift */,
				F2FF09DC2500E1760058FBE7 /* PipelineResult.swift */,
				F2FF09DE2500E19E0058FBE7 /* PipelineStatus.swift */,
				F220499225011CED00ECC510 /* DateService.swift */,
				F2E52EAA2512306E002A4692 /* Config.swift */,
				F29E5B5C2513937500963075 /* ServiceInterface.swift */,
			);
			path = Common;
			sourceTree = "<group>";
		};
		F2FF09BC2500C87B0058FBE7 /* Frameworks */ = {
			isa = PBXGroup;
			children = (
				F2FF09BD2500C87B0058FBE7 /* WidgetKit.framework */,
				F2FF09BF2500C87B0058FBE7 /* SwiftUI.framework */,
			);
			name = Frameworks;
			sourceTree = "<group>";
		};
		F2FF09C12500C87B0058FBE7 /* PipelinerWidget */ = {
			isa = PBXGroup;
			children = (
				F2FF09C22500C87B0058FBE7 /* PipelinerWidget.swift */,
				F2FF09C42500C87B0058FBE7 /* PipelinerWidget.intentdefinition */,
				F2FF09C52500C87C0058FBE7 /* Assets.xcassets */,
				F2FF09C72500C87C0058FBE7 /* Info.plist */,
				F2FF09C82500C87C0058FBE7 /* PipelinerWidget.entitlements */,
				F2FF09D82500DAB20058FBE7 /* PipelineRowView.swift */,
				F2FF09DA2500DB8F0058FBE7 /* PipelineListView.swift */,
			);
			path = PipelinerWidget;
			sourceTree = "<group>";
		};
/* End PBXGroup section */

/* Begin PBXNativeTarget section */
		F2FF098E2500BDA20058FBE7 /* Pipeliner */ = {
			isa = PBXNativeTarget;
			buildConfigurationList = F2FF099F2500BDA30058FBE7 /* Build configuration list for PBXNativeTarget "Pipeliner" */;
			buildPhases = (
				F2FF098B2500BDA20058FBE7 /* Sources */,
				F2FF098C2500BDA20058FBE7 /* Frameworks */,
				F2FF098D2500BDA20058FBE7 /* Resources */,
				F2FF09D12500C87C0058FBE7 /* Embed App Extensions */,
			);
			buildRules = (
			);
			dependencies = (
				F2FF09CC2500C87C0058FBE7 /* PBXTargetDependency */,
			);
			name = Pipeliner;
			packageProductDependencies = (
				F26C86BF25125423002841FE /* PromiseKit */,
				F2B13A12251254F0007EA0C9 /* AwaitKit */,
			);
			productName = Pipeliner;
			productReference = F2FF098F2500BDA20058FBE7 /* Pipeliner.app */;
			productType = "com.apple.product-type.application";
		};
		F2FF09BA2500C87B0058FBE7 /* PipelinerWidgetExtension */ = {
			isa = PBXNativeTarget;
			buildConfigurationList = F2FF09CE2500C87C0058FBE7 /* Build configuration list for PBXNativeTarget "PipelinerWidgetExtension" */;
			buildPhases = (
				F2FF09B72500C87B0058FBE7 /* Sources */,
				F2FF09B82500C87B0058FBE7 /* Frameworks */,
				F2FF09B92500C87B0058FBE7 /* Resources */,
			);
			buildRules = (
			);
			dependencies = (
				F2AAB710251374AB00D152A1 /* PBXTargetDependency */,
				F2AAB70E251374A600D152A1 /* PBXTargetDependency */,
			);
			name = PipelinerWidgetExtension;
			packageProductDependencies = (
				F2B13A1425125527007EA0C9 /* PromiseKit */,
				F2B13A162512552C007EA0C9 /* AwaitKit */,
			);
			productName = PipelinerWidgetExtension;
			productReference = F2FF09BB2500C87B0058FBE7 /* PipelinerWidgetExtension.appex */;
			productType = "com.apple.product-type.app-extension";
		};
/* End PBXNativeTarget section */

/* Begin PBXProject section */
		F2FF09872500BDA20058FBE7 /* Project object */ = {
			isa = PBXProject;
			attributes = {
				LastSwiftUpdateCheck = 1200;
				LastUpgradeCheck = 1200;
				TargetAttributes = {
					F2FF098E2500BDA20058FBE7 = {
						CreatedOnToolsVersion = 12.0;
					};
					F2FF09BA2500C87B0058FBE7 = {
						CreatedOnToolsVersion = 12.0;
					};
				};
			};
			buildConfigurationList = F2FF098A2500BDA20058FBE7 /* Build configuration list for PBXProject "Pipeliner" */;
			compatibilityVersion = "Xcode 9.3";
			developmentRegion = en;
			hasScannedForEncodings = 0;
			knownRegions = (
				en,
				Base,
			);
			mainGroup = F2FF09862500BDA20058FBE7;
			packageReferences = (
				F26C86BE25125423002841FE /* XCRemoteSwiftPackageReference "PromiseKit" */,
				F2B13A11251254F0007EA0C9 /* XCRemoteSwiftPackageReference "AwaitKit" */,
			);
			productRefGroup = F2FF09902500BDA20058FBE7 /* Products */;
			projectDirPath = "";
			projectRoot = "";
			targets = (
				F2FF098E2500BDA20058FBE7 /* Pipeliner */,
				F2FF09BA2500C87B0058FBE7 /* PipelinerWidgetExtension */,
			);
		};
/* End PBXProject section */

/* Begin PBXResourcesBuildPhase section */
		F2FF098D2500BDA20058FBE7 /* Resources */ = {
			isa = PBXResourcesBuildPhase;
			buildActionMask = 2147483647;
			files = (
			);
			runOnlyForDeploymentPostprocessing = 0;
		};
		F2FF09B92500C87B0058FBE7 /* Resources */ = {
			isa = PBXResourcesBuildPhase;
			buildActionMask = 2147483647;
			files = (
			);
			runOnlyForDeploymentPostprocessing = 0;
		};
/* End PBXResourcesBuildPhase section */

/* Begin PBXSourcesBuildPhase section */
		F2FF098B2500BDA20058FBE7 /* Sources */ = {
			isa = PBXSourcesBuildPhase;
			buildActionMask = 2147483647;
			files = (
				F220498F250112AF00ECC510 /* Pipeline.swift in Sources */,
				F2FF09DD2500E1760058FBE7 /* PipelineResult.swift in Sources */,
				F26ECFB12506763100E62EDD /* PipelineDetailView.swift in Sources */,
				F29E5B5D2513937500963075 /* ServiceInterface.swift in Sources */,
				F2FF09952500BDA20058FBE7 /* ContentView.swift in Sources */,
				F2FF09A62500BE600058FBE7 /* HttpService.swift in Sources */,
				F2FF09B42500BF450058FBE7 /* ApiError.swift in Sources */,
				F2FF09932500BDA20058FBE7 /* PipelinerApp.swift in Sources */,
				F2FF09DF2500E19E0058FBE7 /* PipelineStatus.swift in Sources */,
				F2FF09B62500C0A60058FBE7 /* PipelinerService.swift in Sources */,
				F220499325011CED00ECC510 /* DateService.swift in Sources */,
				F2E52EAB2512306E002A4692 /* Config.swift in Sources */,
				F2FF09A32500BE1C0058FBE7 /* ServiceTypeEnum.swift in Sources */,
				F2FF09AD2500BEBE0058FBE7 /* GitLabAuthType.swift in Sources */,
				F2FF09A92500BE8D0058FBE7 /* GitLabService.swift in Sources */,
				F2FF09CA2500C87C0058FBE7 /* PipelinerWidget.intentdefinition in Sources */,
			);
			runOnlyForDeploymentPostprocessing = 0;
		};
		F2FF09B72500C87B0058FBE7 /* Sources */ = {
			isa = PBXSourcesBuildPhase;
			buildActionMask = 2147483647;
			files = (
				F29E5B6125147D0B00963075 /* ServiceInterface.swift in Sources */,
				F22049A02501409300ECC510 /* ServiceTypeEnum.swift in Sources */,
				F220499E2501408800ECC510 /* ApiError.swift in Sources */,
				F220499D2501407C00ECC510 /* HttpService.swift in Sources */,
				F220499C2501407600ECC510 /* Pipeline.swift in Sources */,
				F220499825013C3B00ECC510 /* DateService.swift in Sources */,
				F220499725013C3600ECC510 /* GitLabService.swift in Sources */,
				F220499625013B9F00ECC510 /* GitLabAuthType.swift in Sources */,
				F220499425013B3200ECC510 /* PipelinerService.swift in Sources */,
				F2204991250112F800ECC510 /* PipelineStatus.swift in Sources */,
				F2204990250112C000ECC510 /* PipelineResult.swift in Sources */,
				F2FF09DB2500DB8F0058FBE7 /* PipelineListView.swift in Sources */,
				F2FF09D92500DAB20058FBE7 /* PipelineRowView.swift in Sources */,
				F2E52EAC2512306E002A4692 /* Config.swift in Sources */,
				F2FF09C92500C87C0058FBE7 /* PipelinerWidget.intentdefinition in Sources */,
				F2FF09C32500C87B0058FBE7 /* PipelinerWidget.swift in Sources */,
			);
			runOnlyForDeploymentPostprocessing = 0;
		};
/* End PBXSourcesBuildPhase section */

/* Begin PBXTargetDependency section */
		F2AAB70E251374A600D152A1 /* PBXTargetDependency */ = {
			isa = PBXTargetDependency;
			productRef = F2AAB70D251374A600D152A1 /* PromiseKit */;
		};
		F2AAB710251374AB00D152A1 /* PBXTargetDependency */ = {
			isa = PBXTargetDependency;
			productRef = F2AAB70F251374AB00D152A1 /* AwaitKit */;
		};
		F2FF09CC2500C87C0058FBE7 /* PBXTargetDependency */ = {
			isa = PBXTargetDependency;
			target = F2FF09BA2500C87B0058FBE7 /* PipelinerWidgetExtension */;
			targetProxy = F2FF09CB2500C87C0058FBE7 /* PBXContainerItemProxy */;
		};
/* End PBXTargetDependency section */

/* Begin XCBuildConfiguration section */
		F2FF099D2500BDA30058FBE7 /* Debug */ = {
			isa = XCBuildConfiguration;
			buildSettings = {
				ALWAYS_SEARCH_USER_PATHS = NO;
				CLANG_ANALYZER_NONNULL = YES;
				CLANG_ANALYZER_NUMBER_OBJECT_CONVERSION = YES_AGGRESSIVE;
				CLANG_CXX_LANGUAGE_STANDARD = "gnu++14";
				CLANG_CXX_LIBRARY = "libc++";
				CLANG_ENABLE_MODULES = YES;
				CLANG_ENABLE_OBJC_ARC = YES;
				CLANG_ENABLE_OBJC_WEAK = YES;
				CLANG_WARN_BLOCK_CAPTURE_AUTORELEASING = YES;
				CLANG_WARN_BOOL_CONVERSION = YES;
				CLANG_WARN_COMMA = YES;
				CLANG_WARN_CONSTANT_CONVERSION = YES;
				CLANG_WARN_DEPRECATED_OBJC_IMPLEMENTATIONS = YES;
				CLANG_WARN_DIRECT_OBJC_ISA_USAGE = YES_ERROR;
				CLANG_WARN_DOCUMENTATION_COMMENTS = YES;
				CLANG_WARN_EMPTY_BODY = YES;
				CLANG_WARN_ENUM_CONVERSION = YES;
				CLANG_WARN_INFINITE_RECURSION = YES;
				CLANG_WARN_INT_CONVERSION = YES;
				CLANG_WARN_NON_LITERAL_NULL_CONVERSION = YES;
				CLANG_WARN_OBJC_IMPLICIT_RETAIN_SELF = YES;
				CLANG_WARN_OBJC_LITERAL_CONVERSION = YES;
				CLANG_WARN_OBJC_ROOT_CLASS = YES_ERROR;
				CLANG_WARN_QUOTED_INCLUDE_IN_FRAMEWORK_HEADER = YES;
				CLANG_WARN_RANGE_LOOP_ANALYSIS = YES;
				CLANG_WARN_STRICT_PROTOTYPES = YES;
				CLANG_WARN_SUSPICIOUS_MOVE = YES;
				CLANG_WARN_UNGUARDED_AVAILABILITY = YES_AGGRESSIVE;
				CLANG_WARN_UNREACHABLE_CODE = YES;
				CLANG_WARN__DUPLICATE_METHOD_MATCH = YES;
				COPY_PHASE_STRIP = NO;
				DEBUG_INFORMATION_FORMAT = dwarf;
				DEVELOPMENT_TEAM = CNTGY24437;
				ENABLE_STRICT_OBJC_MSGSEND = YES;
				ENABLE_TESTABILITY = YES;
				GCC_C_LANGUAGE_STANDARD = gnu11;
				GCC_DYNAMIC_NO_PIC = NO;
				GCC_NO_COMMON_BLOCKS = YES;
				GCC_OPTIMIZATION_LEVEL = 0;
				GCC_PREPROCESSOR_DEFINITIONS = (
					"DEBUG=1",
					"$(inherited)",
				);
				GCC_WARN_64_TO_32_BIT_CONVERSION = YES;
				GCC_WARN_ABOUT_RETURN_TYPE = YES_ERROR;
				GCC_WARN_UNDECLARED_SELECTOR = YES;
				GCC_WARN_UNINITIALIZED_AUTOS = YES_AGGRESSIVE;
				GCC_WARN_UNUSED_FUNCTION = YES;
				GCC_WARN_UNUSED_VARIABLE = YES;
				MACOSX_DEPLOYMENT_TARGET = 11.0;
				MTL_ENABLE_DEBUG_INFO = INCLUDE_SOURCE;
				MTL_FAST_MATH = YES;
				ONLY_ACTIVE_ARCH = YES;
				SDKROOT = macosx;
				SWIFT_ACTIVE_COMPILATION_CONDITIONS = DEBUG;
				SWIFT_OPTIMIZATION_LEVEL = "-Onone";
			};
			name = Debug;
		};
		F2FF099E2500BDA30058FBE7 /* Release */ = {
			isa = XCBuildConfiguration;
			buildSettings = {
				ALWAYS_SEARCH_USER_PATHS = NO;
				CLANG_ANALYZER_NONNULL = YES;
				CLANG_ANALYZER_NUMBER_OBJECT_CONVERSION = YES_AGGRESSIVE;
				CLANG_CXX_LANGUAGE_STANDARD = "gnu++14";
				CLANG_CXX_LIBRARY = "libc++";
				CLANG_ENABLE_MODULES = YES;
				CLANG_ENABLE_OBJC_ARC = YES;
				CLANG_ENABLE_OBJC_WEAK = YES;
				CLANG_WARN_BLOCK_CAPTURE_AUTORELEASING = YES;
				CLANG_WARN_BOOL_CONVERSION = YES;
				CLANG_WARN_COMMA = YES;
				CLANG_WARN_CONSTANT_CONVERSION = YES;
				CLANG_WARN_DEPRECATED_OBJC_IMPLEMENTATIONS = YES;
				CLANG_WARN_DIRECT_OBJC_ISA_USAGE = YES_ERROR;
				CLANG_WARN_DOCUMENTATION_COMMENTS = YES;
				CLANG_WARN_EMPTY_BODY = YES;
				CLANG_WARN_ENUM_CONVERSION = YES;
				CLANG_WARN_INFINITE_RECURSION = YES;
				CLANG_WARN_INT_CONVERSION = YES;
				CLANG_WARN_NON_LITERAL_NULL_CONVERSION = YES;
				CLANG_WARN_OBJC_IMPLICIT_RETAIN_SELF = YES;
				CLANG_WARN_OBJC_LITERAL_CONVERSION = YES;
				CLANG_WARN_OBJC_ROOT_CLASS = YES_ERROR;
				CLANG_WARN_QUOTED_INCLUDE_IN_FRAMEWORK_HEADER = YES;
				CLANG_WARN_RANGE_LOOP_ANALYSIS = YES;
				CLANG_WARN_STRICT_PROTOTYPES = YES;
				CLANG_WARN_SUSPICIOUS_MOVE = YES;
				CLANG_WARN_UNGUARDED_AVAILABILITY = YES_AGGRESSIVE;
				CLANG_WARN_UNREACHABLE_CODE = YES;
				CLANG_WARN__DUPLICATE_METHOD_MATCH = YES;
				COPY_PHASE_STRIP = NO;
				DEBUG_INFORMATION_FORMAT = "dwarf-with-dsym";
				DEVELOPMENT_TEAM = CNTGY24437;
				ENABLE_NS_ASSERTIONS = NO;
				ENABLE_STRICT_OBJC_MSGSEND = YES;
				GCC_C_LANGUAGE_STANDARD = gnu11;
				GCC_NO_COMMON_BLOCKS = YES;
				GCC_WARN_64_TO_32_BIT_CONVERSION = YES;
				GCC_WARN_ABOUT_RETURN_TYPE = YES_ERROR;
				GCC_WARN_UNDECLARED_SELECTOR = YES;
				GCC_WARN_UNINITIALIZED_AUTOS = YES_AGGRESSIVE;
				GCC_WARN_UNUSED_FUNCTION = YES;
				GCC_WARN_UNUSED_VARIABLE = YES;
				MACOSX_DEPLOYMENT_TARGET = 11.0;
				MTL_ENABLE_DEBUG_INFO = NO;
				MTL_FAST_MATH = YES;
				SDKROOT = macosx;
				SWIFT_COMPILATION_MODE = wholemodule;
				SWIFT_OPTIMIZATION_LEVEL = "-O";
			};
			name = Release;
		};
		F2FF09A02500BDA30058FBE7 /* Debug */ = {
			isa = XCBuildConfiguration;
			buildSettings = {
				ALWAYS_EMBED_SWIFT_STANDARD_LIBRARIES = NO;
				ASSETCATALOG_COMPILER_APPICON_NAME = AppIcon;
				ASSETCATALOG_COMPILER_GLOBAL_ACCENT_COLOR_NAME = AccentColor;
				CODE_SIGN_ENTITLEMENTS = Pipeliner/Pipeliner.entitlements;
				CODE_SIGN_IDENTITY = "Apple Development: dev@dxheroes.io (76NPA5VB8V)";
				CODE_SIGN_STYLE = Manual;
				COMBINE_HIDPI_IMAGES = YES;
				DEVELOPMENT_ASSET_PATHS = "\"Pipeliner/Preview Content\"";
				DEVELOPMENT_TEAM = CNTGY24437;
				ENABLE_PREVIEWS = NO;
				INFOPLIST_FILE = Pipeliner/Info.plist;
				LD_RUNPATH_SEARCH_PATHS = (
					"$(inherited)",
					"@executable_path/../Frameworks",
				);
				MACOSX_DEPLOYMENT_TARGET = 11.0;
				PRODUCT_BUNDLE_IDENTIFIER = DxHeroes.Pipeliner;
				PRODUCT_NAME = "$(TARGET_NAME)";
				PROVISIONING_PROFILE_SPECIFIER = "";
				SWIFT_VERSION = 5.0;
			};
			name = Debug;
		};
		F2FF09A12500BDA30058FBE7 /* Release */ = {
			isa = XCBuildConfiguration;
			buildSettings = {
				ALWAYS_EMBED_SWIFT_STANDARD_LIBRARIES = NO;
				ASSETCATALOG_COMPILER_APPICON_NAME = AppIcon;
				ASSETCATALOG_COMPILER_GLOBAL_ACCENT_COLOR_NAME = AccentColor;
				CODE_SIGN_ENTITLEMENTS = Pipeliner/Pipeliner.entitlements;
				CODE_SIGN_IDENTITY = "Apple Development: dev@dxheroes.io (76NPA5VB8V)";
				CODE_SIGN_STYLE = Manual;
				COMBINE_HIDPI_IMAGES = YES;
				DEVELOPMENT_ASSET_PATHS = "\"Pipeliner/Preview Content\"";
				DEVELOPMENT_TEAM = CNTGY24437;
				ENABLE_PREVIEWS = NO;
				INFOPLIST_FILE = Pipeliner/Info.plist;
				LD_RUNPATH_SEARCH_PATHS = (
					"$(inherited)",
					"@executable_path/../Frameworks",
				);
				MACOSX_DEPLOYMENT_TARGET = 11.0;
				PRODUCT_BUNDLE_IDENTIFIER = DxHeroes.Pipeliner;
				PRODUCT_NAME = "$(TARGET_NAME)";
				PROVISIONING_PROFILE_SPECIFIER = "";
				SWIFT_VERSION = 5.0;
			};
			name = Release;
		};
		F2FF09CF2500C87C0058FBE7 /* Debug */ = {
			isa = XCBuildConfiguration;
			buildSettings = {
				ASSETCATALOG_COMPILER_GLOBAL_ACCENT_COLOR_NAME = AccentColor;
				ASSETCATALOG_COMPILER_WIDGET_BACKGROUND_COLOR_NAME = WidgetBackground;
				CODE_SIGN_ENTITLEMENTS = PipelinerWidget/PipelinerWidget.entitlements;
				CODE_SIGN_IDENTITY = "Apple Development: dev@dxheroes.io (76NPA5VB8V)";
				CODE_SIGN_STYLE = Manual;
				DEVELOPMENT_TEAM = CNTGY24437;
				INFOPLIST_FILE = PipelinerWidget/Info.plist;
				LD_RUNPATH_SEARCH_PATHS = (
					"$(inherited)",
					"@executable_path/../Frameworks",
					"@executable_path/../../../../Frameworks",
				);
				MACOSX_DEPLOYMENT_TARGET = 11.0;
				PRODUCT_BUNDLE_IDENTIFIER = DxHeroes.Pipeliner.PipelinerWidget;
				PRODUCT_NAME = "$(TARGET_NAME)";
				PROVISIONING_PROFILE_SPECIFIER = "";
				SKIP_INSTALL = NO;
				SWIFT_VERSION = 5.0;
			};
			name = Debug;
		};
		F2FF09D02500C87C0058FBE7 /* Release */ = {
			isa = XCBuildConfiguration;
			buildSettings = {
				ASSETCATALOG_COMPILER_GLOBAL_ACCENT_COLOR_NAME = AccentColor;
				ASSETCATALOG_COMPILER_WIDGET_BACKGROUND_COLOR_NAME = WidgetBackground;
				CODE_SIGN_ENTITLEMENTS = PipelinerWidget/PipelinerWidget.entitlements;
				CODE_SIGN_IDENTITY = "Apple Development: dev@dxheroes.io (76NPA5VB8V)";
				CODE_SIGN_STYLE = Manual;
				DEVELOPMENT_TEAM = CNTGY24437;
				INFOPLIST_FILE = PipelinerWidget/Info.plist;
				LD_RUNPATH_SEARCH_PATHS = (
					"$(inherited)",
					"@executable_path/../Frameworks",
					"@executable_path/../../../../Frameworks",
				);
				MACOSX_DEPLOYMENT_TARGET = 11.0;
				PRODUCT_BUNDLE_IDENTIFIER = DxHeroes.Pipeliner.PipelinerWidget;
				PRODUCT_NAME = "$(TARGET_NAME)";
				PROVISIONING_PROFILE_SPECIFIER = "";
				SKIP_INSTALL = NO;
				SWIFT_VERSION = 5.0;
			};
			name = Release;
		};
/* End XCBuildConfiguration section */

/* Begin XCConfigurationList section */
		F2FF098A2500BDA20058FBE7 /* Build configuration list for PBXProject "Pipeliner" */ = {
			isa = XCConfigurationList;
			buildConfigurations = (
				F2FF099D2500BDA30058FBE7 /* Debug */,
				F2FF099E2500BDA30058FBE7 /* Release */,
			);
			defaultConfigurationIsVisible = 0;
			defaultConfigurationName = Debug;
		};
		F2FF099F2500BDA30058FBE7 /* Build configuration list for PBXNativeTarget "Pipeliner" */ = {
			isa = XCConfigurationList;
			buildConfigurations = (
				F2FF09A02500BDA30058FBE7 /* Debug */,
				F2FF09A12500BDA30058FBE7 /* Release */,
			);
			defaultConfigurationIsVisible = 0;
			defaultConfigurationName = Debug;
		};
		F2FF09CE2500C87C0058FBE7 /* Build configuration list for PBXNativeTarget "PipelinerWidgetExtension" */ = {
			isa = XCConfigurationList;
			buildConfigurations = (
				F2FF09CF2500C87C0058FBE7 /* Debug */,
				F2FF09D02500C87C0058FBE7 /* Release */,
			);
			defaultConfigurationIsVisible = 0;
			defaultConfigurationName = Debug;
		};
/* End XCConfigurationList section */

/* Begin XCRemoteSwiftPackageReference section */
		F26C86BE25125423002841FE /* XCRemoteSwiftPackageReference "PromiseKit" */ = {
			isa = XCRemoteSwiftPackageReference;
			repositoryURL = "https://github.com/mxcl/PromiseKit";
			requirement = {
				kind = upToNextMajorVersion;
				minimumVersion = 6.10.0;
			};
		};
		F2B13A11251254F0007EA0C9 /* XCRemoteSwiftPackageReference "AwaitKit" */ = {
			isa = XCRemoteSwiftPackageReference;
			repositoryURL = "https://github.com/yannickl/AwaitKit";
			requirement = {
				kind = upToNextMajorVersion;
				minimumVersion = 5.2.0;
			};
		};
/* End XCRemoteSwiftPackageReference section */

/* Begin XCSwiftPackageProductDependency section */
		F26C86BF25125423002841FE /* PromiseKit */ = {
			isa = XCSwiftPackageProductDependency;
			package = F26C86BE25125423002841FE /* XCRemoteSwiftPackageReference "PromiseKit" */;
			productName = PromiseKit;
		};
		F2AAB70D251374A600D152A1 /* PromiseKit */ = {
			isa = XCSwiftPackageProductDependency;
			package = F26C86BE25125423002841FE /* XCRemoteSwiftPackageReference "PromiseKit" */;
			productName = PromiseKit;
		};
		F2AAB70F251374AB00D152A1 /* AwaitKit */ = {
			isa = XCSwiftPackageProductDependency;
			package = F2B13A11251254F0007EA0C9 /* XCRemoteSwiftPackageReference "AwaitKit" */;
			productName = AwaitKit;
		};
		F2B13A12251254F0007EA0C9 /* AwaitKit */ = {
			isa = XCSwiftPackageProductDependency;
			package = F2B13A11251254F0007EA0C9 /* XCRemoteSwiftPackageReference "AwaitKit" */;
			productName = AwaitKit;
		};
		F2B13A1425125527007EA0C9 /* PromiseKit */ = {
			isa = XCSwiftPackageProductDependency;
			package = F26C86BE25125423002841FE /* XCRemoteSwiftPackageReference "PromiseKit" */;
			productName = PromiseKit;
		};
		F2B13A162512552C007EA0C9 /* AwaitKit */ = {
			isa = XCSwiftPackageProductDependency;
			package = F2B13A11251254F0007EA0C9 /* XCRemoteSwiftPackageReference "AwaitKit" */;
			productName = AwaitKit;
		};
/* End XCSwiftPackageProductDependency section */
	};
	rootObject = F2FF09872500BDA20058FBE7 /* Project object */;
}
