{
  "pins" : [
    {
      "identity" : "awaitkit",
      "kind" : "remoteSourceControl",
      "location" : "https://github.com/yannickl/AwaitKit",
      "state" : {
        "revision" : "4b725f40dd189f40c0962cba792f06a2073bd977"
      }
    },
    {
      "identity" : "promisekit",
      "kind" : "remoteSourceControl",
      "location" : "https://github.com/mxcl/PromiseKit",
      "state" : {
        "revision" : "aea48ea1855f5d82e2dffa6027afce3aab8f3dd7",
        "version" : "6.13.3"
      }
    }
  ],
  "version" : 2
}
