{
  "object": {
    "pins": [
      {
        "package": "AwaitKit",
        "repositoryURL": "https://github.com/yannickl/AwaitKit",
        "state": {
          "branch": null,
          "revision": "4b725f40dd189f40c0962cba792f06a2073bd977",
          "version": null
        }
      },
      {
        "package": "PromiseKit",
        "repositoryURL": "https://github.com/mxcl/PromiseKit",
        "state": {
          "branch": null,
          "revision": "aea48ea1855f5d82e2dffa6027afce3aab8f3dd7",
          "version": "6.13.3"
        }
      }
    ]
  },
  "version": 1
}
